
Microsoft Visual Studio Solution File, Format Version 12.00
# Visual Studio Version 17
VisualStudioVersion = 17.13.35806.99 d17.13
MinimumVisualStudioVersion = 10.0.40219.1
Project("{FAE04EC0-301F-11D3-BF4B-00C04F79EFBC}") = "MauiComm-IssueSnackbarCrash", "MauiComm-IssueSnackbarCrash.csproj", "{46924B9B-5C15-46C8-AC47-1B411F9E5F9E}"
EndProject
Global
	GlobalSection(SolutionConfigurationPlatforms) = preSolution
		Debug|Any CPU = Debug|Any CPU
		Release|Any CPU = Release|Any CPU
	EndGlobalSection
	GlobalSection(ProjectConfigurationPlatforms) = postSolution
		{46924B9B-5C15-46C8-AC47-1B411F9E5F9E}.Debug|Any CPU.ActiveCfg = Debug|Any CPU
		{46924B9B-5C15-46C8-AC47-1B411F9E5F9E}.Debug|Any CPU.Build.0 = Debug|Any CPU
		{46924B9B-5C15-46C8-AC47-1B411F9E5F9E}.Release|Any CPU.ActiveCfg = Release|Any CPU
		{46924B9B-5C15-46C8-AC47-1B411F9E5F9E}.Release|Any CPU.Build.0 = Release|Any CPU
	EndGlobalSection
	GlobalSection(SolutionProperties) = preSolution
		HideSolutionNode = FALSE
	EndGlobalSection
	GlobalSection(ExtensibilityGlobals) = postSolution
		SolutionGuid = {A33F0C92-700B-4CB5-B99C-A7C3AFEE63E8}
	EndGlobalSection
EndGlobal
